
Microsoft Visual Studio Solution File, Format Version 12.00
# Visual Studio Version 17
VisualStudioVersion = 17.9.34723.18
MinimumVisualStudioVersion = 10.0.40219.1
Project("{8BC9CEB8-8B4A-11D0-8D11-00A0C91BC942}") = "Github assignment", "Github assignment\Github assignment.vcxproj", "{4470D883-F954-4A26-A92B-4F45D4A2CDFD}"
EndProject
Global
	GlobalSection(SolutionConfigurationPlatforms) = preSolution
		Debug|x64 = Debug|x64
		Debug|x86 = Debug|x86
		Release|x64 = Release|x64
		Release|x86 = Release|x86
	EndGlobalSection
	GlobalSection(ProjectConfigurationPlatforms) = postSolution
		{4470D883-F954-4A26-A92B-4F45D4A2CDFD}.Debug|x64.ActiveCfg = Debug|x64
		{4470D883-F954-4A26-A92B-4F45D4A2CDFD}.Debug|x64.Build.0 = Debug|x64
		{4470D883-F954-4A26-A92B-4F45D4A2CDFD}.Debug|x86.ActiveCfg = Debug|Win32
		{4470D883-F954-4A26-A92B-4F45D4A2CDFD}.Debug|x86.Build.0 = Debug|Win32
		{4470D883-F954-4A26-A92B-4F45D4A2CDFD}.Release|x64.ActiveCfg = Release|x64
		{4470D883-F954-4A26-A92B-4F45D4A2CDFD}.Release|x64.Build.0 = Release|x64
		{4470D883-F954-4A26-A92B-4F45D4A2CDFD}.Release|x86.ActiveCfg = Release|Win32
		{4470D883-F954-4A26-A92B-4F45D4A2CDFD}.Release|x86.Build.0 = Release|Win32
	EndGlobalSection
	GlobalSection(SolutionProperties) = preSolution
		HideSolutionNode = FALSE
	EndGlobalSection
	GlobalSection(ExtensibilityGlobals) = postSolution
		SolutionGuid = {5BF790A4-C7D6-46E1-9201-D6CCC329F5B0}
	EndGlobalSection
EndGlobal
